{
  "name": "js",
  "version": "1.0.0",
  "lockfileVersion": 1,
  "requires": true,
  "dependencies": {
    "asyncawait": {
      "version": "1.0.6",
      "resolved": "http://registry.npm.taobao.org/asyncawait/download/asyncawait-1.0.6.tgz",
      "integrity": "sha1-5EbPVOUWpBbXQju+Nb8LTitzi2c=",
      "requires": {
        "bluebird": "3.5.0",
        "fibers": "1.0.15",
        "lodash": "3.10.1"
      }
    },
    "bluebird": {
      "version": "3.5.0",
      "resolved": "http://registry.npm.taobao.org/bluebird/download/bluebird-3.5.0.tgz",
      "integrity": "sha1-eRQg1/VR7qKJdFOop3ZT+WYG1nw="
    },
    "fibers": {
      "version": "1.0.15",
      "resolved": "http://registry.npm.taobao.org/fibers/download/fibers-1.0.15.tgz",
      "integrity": "sha1-IvA5yPGLhWGQ+75N7PBWFUwerpw="
    },
    "lodash": {
      "version": "3.10.1",
      "resolved": "http://registry.npm.taobao.org/lodash/download/lodash-3.10.1.tgz",
      "integrity": "sha1-W/Rejkm6QYnhfUgnid/RW9FAt7Y="
    }
  }
}
